
Microsoft Visual Studio Solution File, Format Version 12.00
# Visual Studio Version 16
VisualStudioVersion = 16.0.30413.136
MinimumVisualStudioVersion = 10.0.40219.1
Project("{FAE04EC0-301F-11D3-BF4B-00C04F79EFBC}") = "SignalRChat", "SignalRChat\SignalRChat.csproj", "{0828BFB2-93E5-4267-A81A-FC10DFDB8587}"
EndProject
Global
	GlobalSection(SolutionConfigurationPlatforms) = preSolution
		Debug|Any CPU = Debug|Any CPU
		Release|Any CPU = Release|Any CPU
	EndGlobalSection
	GlobalSection(ProjectConfigurationPlatforms) = postSolution
		{0828BFB2-93E5-4267-A81A-FC10DFDB8587}.Debug|Any CPU.ActiveCfg = Debug|Any CPU
		{0828BFB2-93E5-4267-A81A-FC10DFDB8587}.Debug|Any CPU.Build.0 = Debug|Any CPU
		{0828BFB2-93E5-4267-A81A-FC10DFDB8587}.Release|Any CPU.ActiveCfg = Release|Any CPU
		{0828BFB2-93E5-4267-A81A-FC10DFDB8587}.Release|Any CPU.Build.0 = Release|Any CPU
	EndGlobalSection
	GlobalSection(SolutionProperties) = preSolution
		HideSolutionNode = FALSE
	EndGlobalSection
	GlobalSection(ExtensibilityGlobals) = postSolution
		SolutionGuid = {FD1ECDF5-0631-4DE1-8BE8-C68AA309375C}
	EndGlobalSection
EndGlobal
